
Microsoft Visual Studio Solution File, Format Version 12.00
# Visual Studio Version 17
VisualStudioVersion = 17.11.35312.102
MinimumVisualStudioVersion = 10.0.40219.1
Project("{8BC9CEB8-8B4A-11D0-8D11-00A0C91BC942}") = "6_36", "6_36.vcxproj", "{FBBAFCC2-C096-40B8-89F1-0FBB3CECAA16}"
EndProject
Global
	GlobalSection(SolutionConfigurationPlatforms) = preSolution
		Debug|x64 = Debug|x64
		Debug|x86 = Debug|x86
		Release|x64 = Release|x64
		Release|x86 = Release|x86
	EndGlobalSection
	GlobalSection(ProjectConfigurationPlatforms) = postSolution
		{FBBAFCC2-C096-40B8-89F1-0FBB3CECAA16}.Debug|x64.ActiveCfg = Debug|x64
		{FBBAFCC2-C096-40B8-89F1-0FBB3CECAA16}.Debug|x64.Build.0 = Debug|x64
		{FBBAFCC2-C096-40B8-89F1-0FBB3CECAA16}.Debug|x86.ActiveCfg = Debug|Win32
		{FBBAFCC2-C096-40B8-89F1-0FBB3CECAA16}.Debug|x86.Build.0 = Debug|Win32
		{FBBAFCC2-C096-40B8-89F1-0FBB3CECAA16}.Release|x64.ActiveCfg = Release|x64
		{FBBAFCC2-C096-40B8-89F1-0FBB3CECAA16}.Release|x64.Build.0 = Release|x64
		{FBBAFCC2-C096-40B8-89F1-0FBB3CECAA16}.Release|x86.ActiveCfg = Release|Win32
		{FBBAFCC2-C096-40B8-89F1-0FBB3CECAA16}.Release|x86.Build.0 = Release|Win32
	EndGlobalSection
	GlobalSection(SolutionProperties) = preSolution
		HideSolutionNode = FALSE
	EndGlobalSection
	GlobalSection(ExtensibilityGlobals) = postSolution
		SolutionGuid = {8202D35D-00D3-48A4-9016-FCF5EF2E1A46}
	EndGlobalSection
EndGlobal
